# This file is automatically @generated by Cargo.
# It is not intended for manual editing.
version = 4

[[package]]
name = "adler2"
version = "2.0.1"
source = "registry+https://github.com/rust-lang/crates.io-index"
checksum = "320119579fcad9c21884f5c4861d16174d0e06250625266f50fe6898340abefa"

[[package]]
name = "alloc-no-stdlib"
version = "2.0.4"
source = "registry+https://github.com/rust-lang/crates.io-index"
checksum = "cc7bb162ec39d46ab1ca8c77bf72e890535becd1751bb45f64c597edb4c8c6b3"

[[package]]
name = "alloc-stdlib"
version = "0.2.4"
source = "registry+https://github.com/rust-lang/crates.io-index"
checksum = "0e76a019e91224d279006ff972f1e984179a6e9feb050adba6ce8274aef23195"
dependencies = [
 "alloc-no-stdlib",
]

[[package]]
name = "base64"
version = "0.22.1"
source = "registry+https://github.com/rust-lang/crates.io-index"
checksum = "72b3254f16251a8381aa12e40e3c4d2f0199f8c6508fbecb9d91f575e0fbb8c6"

[[package]]
name = "bitflags"
version = "1.3.2"
source = "registry+https://github.com/rust-lang/crates.io-index"
checksum = "bef38d45163c2f1dde094a7dfd33ccf595c92905c8f8f4fdc18d06fb1037718a"

[[package]]
name = "brotli-decompressor"
version = "5.0.3"
source = "registry+https://github.com/rust-lang/crates.io-index"
checksum = "3a32acac15fe1967bc3986b2a6347dffc965602354ea6f450ad07e8bfd253583"
dependencies = [
 "alloc-no-stdlib",
 "alloc-stdlib",
]

[[package]]
name = "bytemuck"
version = "1.25.2"
source = "registry+https://github.com/rust-lang/crates.io-index"
checksum = "95832e849adfb21180ccb6826a99da14e5d266ae5c2e668e1602cf234f153797"

[[package]]
name = "cfg-if"
version = "1.0.4"
source = "registry+https://github.com/rust-lang/crates.io-index"
checksum = "9330f8b2ff13f34540b44e946ef35111825727b38d33286ef986142615121801"

[[package]]
name = "crc32fast"
version = "1.5.1"
source = "registry+https://github.com/rust-lang/crates.io-index"
checksum = "8498c871161e1742aaa9d52551b2d6ebdd4c3d45a3be423e3728f33b955be550"
dependencies = [
 "cfg-if",
]

[[package]]
name = "fdeflate"
version = "0.3.7"
source = "registry+https://github.com/rust-lang/crates.io-index"
checksum = "1e6853b52649d4ac5c0bd02320cddc5ba956bdb407c4b75a2c6b75bf51500f8c"
dependencies = [
 "simd-adler32",
]

[[package]]
name = "flate2"
version = "1.1.10"
source = "registry+https://github.com/rust-lang/crates.io-index"
checksum = "6e634e2e0ebac1ee034020da1ca582e17ffe4e0f5e985823721e168928136dcb"
dependencies = [
 "crc32fast",
 "miniz_oxide 0.9.1",
 "zlib-rs",
]

[[package]]
name = "jxl-bitstream"
version = "1.1.0"
source = "registry+https://github.com/rust-lang/crates.io-index"
checksum = "b480e752277e29eb4054f69546887a9b84656fe78c08f54ba5850ced98a378fe"
dependencies = [
 "tracing",
]

[[package]]
name = "jxl-coding"
version = "1.0.1"
source = "registry+https://github.com/rust-lang/crates.io-index"
checksum = "cd972bcd125e776f1eb241ac50e39f956095a1c2770c64736c968f8946bd9a3c"
dependencies = [
 "jxl-bitstream",
 "tracing",
]

[[package]]
name = "jxl-color"
version = "0.11.0"
source = "registry+https://github.com/rust-lang/crates.io-index"
checksum = "f316b1358c1711755b3ee8e8cb5c4a1dad12e796233088a7a513440782de80b2"
dependencies = [
 "jxl-bitstream",
 "jxl-coding",
 "jxl-grid",
 "jxl-image",
 "jxl-oxide-common",
 "jxl-threadpool",
 "tracing",
]

[[package]]
name = "jxl-frame"
version = "0.13.3"
source = "registry+https://github.com/rust-lang/crates.io-index"
checksum = "2d967c6fd669c7c01060b5022d8835fa82fd46b06ffc98b549f17600a097c2b3"
dependencies = [
 "jxl-bitstream",
 "jxl-coding",
 "jxl-grid",
 "jxl-image",
 "jxl-modular",
 "jxl-oxide-common",
 "jxl-threadpool",
 "jxl-vardct",
 "tracing",
]

[[package]]
name = "jxl-grid"
version = "0.6.2"
source = "registry+https://github.com/rust-lang/crates.io-index"
checksum = "01671307879a033bfa52e6e8784b941aca770b3f3a7d33830b455b6844f793fb"
dependencies = [
 "tracing",
]

[[package]]
name = "jxl-image"
version = "0.13.0"
source = "registry+https://github.com/rust-lang/crates.io-index"
checksum = "c5f752d62577c702a94dbbce4045caf08cb58639e8a4d56464b40ecf33ffe565"
dependencies = [
 "jxl-bitstream",
 "jxl-grid",
 "jxl-oxide-common",
 "tracing",
]

[[package]]
name = "jxl-jbr"
version = "0.2.1"
source = "registry+https://github.com/rust-lang/crates.io-index"
checksum = "e35d032bcec660647828527ff42c6f5776d2fd44b8357f9f6d9ac6dc07218e46"
dependencies = [
 "brotli-decompressor",
 "jxl-bitstream",
 "jxl-frame",
 "jxl-grid",
 "jxl-image",
 "jxl-modular",
 "jxl-oxide-common",
 "jxl-threadpool",
 "jxl-vardct",
 "tracing",
]

[[package]]
name = "jxl-modular"
version = "0.11.3"
source = "registry+https://github.com/rust-lang/crates.io-index"
checksum = "2a2f045b24c738dd91d482be385512b512721ae08a671bd4b27bf1c47f215235"
dependencies = [
 "jxl-bitstream",
 "jxl-coding",
 "jxl-grid",
 "jxl-oxide-common",
 "jxl-threadpool",
 "tracing",
]

[[package]]
name = "jxl-oxide"
version = "0.12.6"
source = "registry+https://github.com/rust-lang/crates.io-index"
checksum = "d36c662923f47586880211f3bc7c0d83fb3a9b410d278c7bde93450748abeef3"
dependencies = [
 "brotli-decompressor",
 "jxl-bitstream",
 "jxl-color",
 "jxl-frame",
 "jxl-grid",
 "jxl-image",
 "jxl-jbr",
 "jxl-oxide-common",
 "jxl-render",
 "jxl-threadpool",
 "tracing",
]

[[package]]
name = "jxl-oxide-common"
version = "1.0.0"
source = "registry+https://github.com/rust-lang/crates.io-index"
checksum = "b62394c5021b3a9e7e0dbb2d639d555d019090c9946c39f6d3b09d390db4157b"
dependencies = [
 "jxl-bitstream",
]

[[package]]
name = "jxl-render"
version = "0.12.4"
source = "registry+https://github.com/rust-lang/crates.io-index"
checksum = "d34386bfdb6a19b5a30cc9beb4d475d537422c31ae8c39bb69640fcce3fcaf19"
dependencies = [
 "bytemuck",
 "jxl-bitstream",
 "jxl-coding",
 "jxl-color",
 "jxl-frame",
 "jxl-grid",
 "jxl-image",
 "jxl-modular",
 "jxl-oxide-common",
 "jxl-threadpool",
 "jxl-vardct",
 "tracing",
]

[[package]]
name = "jxl-threadpool"
version = "1.0.0"
source = "registry+https://github.com/rust-lang/crates.io-index"
checksum = "25f15eb830aa77a7f21148d72e153562a26bfe570139bd4922eab1908dd499d3"
dependencies = [
 "tracing",
]

[[package]]
name = "jxl-tool"
version = "1.0.0"
dependencies = [
 "base64",
 "jxl-oxide",
 "png",
]

[[package]]
name = "jxl-vardct"
version = "0.11.1"
source = "registry+https://github.com/rust-lang/crates.io-index"
checksum = "ce72a18c6d3a47172ab6c479be2bdb56f22066b5d7092663f03b4490820b4511"
dependencies = [
 "jxl-bitstream",
 "jxl-coding",
 "jxl-grid",
 "jxl-modular",
 "jxl-oxide-common",
 "jxl-threadpool",
 "tracing",
]

[[package]]
name = "miniz_oxide"
version = "0.8.9"
source = "registry+https://github.com/rust-lang/crates.io-index"
checksum = "1fa76a2c86f704bdb222d66965fb3d63269ce38518b83cb0575fca855ebb6316"
dependencies = [
 "adler2",
 "simd-adler32",
]

[[package]]
name = "miniz_oxide"
version = "0.9.1"
source = "registry+https://github.com/rust-lang/crates.io-index"
checksum = "b63fbc4a50860e98e7b2aa7804ded1db5cbc3aff9193adaff57a6931bf7c4b4c"
dependencies = [
 "adler2",
 "simd-adler32",
]

[[package]]
name = "once_cell"
version = "1.21.4"
source = "registry+https://github.com/rust-lang/crates.io-index"
checksum = "9f7c3e4beb33f85d45ae3e3a1792185706c8e16d043238c593331cc7cd313b50"

[[package]]
name = "pin-project-lite"
version = "0.2.17"
source = "registry+https://github.com/rust-lang/crates.io-index"
checksum = "a89322df9ebe1c1578d689c92318e070967d1042b512afbe49518723f4e6d5cd"

[[package]]
name = "png"
version = "0.17.16"
source = "registry+https://github.com/rust-lang/crates.io-index"
checksum = "82151a2fc869e011c153adc57cf2789ccb8d9906ce52c0b39a6b5697749d7526"
dependencies = [
 "bitflags",
 "crc32fast",
 "fdeflate",
 "flate2",
 "miniz_oxide 0.8.9",
]

[[package]]
name = "simd-adler32"
version = "0.3.10"
source = "registry+https://github.com/rust-lang/crates.io-index"
checksum = "3a219298ac11a56ea9a6d2120044824d6f01aeb034955e7af7bc16858527deea"

[[package]]
name = "tracing"
version = "0.1.44"
source = "registry+https://github.com/rust-lang/crates.io-index"
checksum = "63e71662fa4b2a2c3a26f570f037eb95bb1f85397f3cd8076caed2f026a6d100"
dependencies = [
 "pin-project-lite",
 "tracing-core",
]

[[package]]
name = "tracing-core"
version = "0.1.36"
source = "registry+https://github.com/rust-lang/crates.io-index"
checksum = "db97caf9d906fbde555dd62fa95ddba9eecfd14cb388e4f491a66d74cd5fb79a"
dependencies = [
 "once_cell",
]

[[package]]
name = "zlib-rs"
version = "0.6.7"
source = "registry+https://github.com/rust-lang/crates.io-index"
checksum = "34b31d188d9d685a4f9c7b46d6e36631b07058d2cfe190267adce54dc230bf12"
